
Microsoft Visual Studio Solution File, Format Version 12.00
# Visual Studio Version 16
VisualStudioVersion = 16.0.30011.22
MinimumVisualStudioVersion = 10.0.40219.1
Project("{FAE04EC0-301F-11D3-BF4B-00C04F79EFBC}") = "Take1", "Take1.csproj", "{C2E5CB1B-E397-4622-ACCE-9046189C65AB}"
EndProject
Global
	GlobalSection(SolutionConfigurationPlatforms) = preSolution
		Debug|Any CPU = Debug|Any CPU
		Release|Any CPU = Release|Any CPU
	EndGlobalSection
	GlobalSection(ProjectConfigurationPlatforms) = postSolution
		{C2E5CB1B-E397-4622-ACCE-9046189C65AB}.Debug|Any CPU.ActiveCfg = Debug|Any CPU
		{C2E5CB1B-E397-4622-ACCE-9046189C65AB}.Debug|Any CPU.Build.0 = Debug|Any CPU
		{C2E5CB1B-E397-4622-ACCE-9046189C65AB}.Release|Any CPU.ActiveCfg = Release|Any CPU
		{C2E5CB1B-E397-4622-ACCE-9046189C65AB}.Release|Any CPU.Build.0 = Release|Any CPU
	EndGlobalSection
	GlobalSection(SolutionProperties) = preSolution
		HideSolutionNode = FALSE
	EndGlobalSection
	GlobalSection(ExtensibilityGlobals) = postSolution
		SolutionGuid = {B3BCEF0F-2539-44E4-BE61-5854C866482A}
	EndGlobalSection
EndGlobal
