
Microsoft Visual Studio Solution File, Format Version 12.00
# Visual Studio Version 16
VisualStudioVersion = 16.0.30104.148
MinimumVisualStudioVersion = 10.0.40219.1
Project("{9A19103F-16F7-4668-BE54-9A1E7A4F7556}") = "Sekemin", "Sekemin.csproj", "{E7D40CB0-9A52-4ABA-9480-7A27512771A0}"
EndProject
Project("{FAE04EC0-301F-11D3-BF4B-00C04F79EFBC}") = "ProjekatAPI", "..\ProjekatAPI\ProjekatAPI.csproj", "{9E35A92F-CEA0-43C6-8818-2D57A0838A6B}"
EndProject
Global
	GlobalSection(SolutionConfigurationPlatforms) = preSolution
		Debug|Any CPU = Debug|Any CPU
		Release|Any CPU = Release|Any CPU
	EndGlobalSection
	GlobalSection(ProjectConfigurationPlatforms) = postSolution
		{E7D40CB0-9A52-4ABA-9480-7A27512771A0}.Debug|Any CPU.ActiveCfg = Debug|Any CPU
		{E7D40CB0-9A52-4ABA-9480-7A27512771A0}.Debug|Any CPU.Build.0 = Debug|Any CPU
		{E7D40CB0-9A52-4ABA-9480-7A27512771A0}.Release|Any CPU.ActiveCfg = Release|Any CPU
		{E7D40CB0-9A52-4ABA-9480-7A27512771A0}.Release|Any CPU.Build.0 = Release|Any CPU
		{9E35A92F-CEA0-43C6-8818-2D57A0838A6B}.Debug|Any CPU.ActiveCfg = Debug|Any CPU
		{9E35A92F-CEA0-43C6-8818-2D57A0838A6B}.Debug|Any CPU.Build.0 = Debug|Any CPU
		{9E35A92F-CEA0-43C6-8818-2D57A0838A6B}.Release|Any CPU.ActiveCfg = Release|Any CPU
		{9E35A92F-CEA0-43C6-8818-2D57A0838A6B}.Release|Any CPU.Build.0 = Release|Any CPU
	EndGlobalSection
	GlobalSection(SolutionProperties) = preSolution
		HideSolutionNode = FALSE
	EndGlobalSection
	GlobalSection(ExtensibilityGlobals) = postSolution
		SolutionGuid = {975E5D6B-6317-474E-B1A9-D8E621E1D635}
	EndGlobalSection
EndGlobal
